// !$*UTF8*$!
{
	archiveVersion = 1;
	classes = {
	};
	objectVersion = 51;
	objects = {

/* Begin PBXBuildFile section */
		05C8A65B20FE8E817ACFE55F /* Pods_Show_me_chatTests.framework in Frameworks */ = {isa = PBXBuildFile; fileRef = 42D84039F5530790048602E9 /* Pods_Show_me_chatTests.framework */; };
		3D1F083C23915F4300E202DB /* GoogleService-Info.plist in Resources */ = {isa = PBXBuildFile; fileRef = 3D542D9A2333F5D5005D401F /* GoogleService-Info.plist */; };
		3D2DB58423ABBFC6000C5676 /* Message.swift in Sources */ = {isa = PBXBuildFile; fileRef = 3D2DB58323ABBFC6000C5676 /* Message.swift */; };
		3D2DB58923ABC0B8000C5676 /* MessageTableViewCell.swift in Sources */ = {isa = PBXBuildFile; fileRef = 3D2DB58623ABC0B8000C5676 /* MessageTableViewCell.swift */; };
		3D2DB58A23ABC0B8000C5676 /* OutgoingMessageTableViewCell.swift in Sources */ = {isa = PBXBuildFile; fileRef = 3D2DB58723ABC0B8000C5676 /* OutgoingMessageTableViewCell.swift */; };
		3D2DB58B23ABC0B8000C5676 /* IncomingMessageTableViewCell.swift in Sources */ = {isa = PBXBuildFile; fileRef = 3D2DB58823ABC0B8000C5676 /* IncomingMessageTableViewCell.swift */; };
		3D2DB58E23ABC142000C5676 /* CALayer+Extensions.swift in Sources */ = {isa = PBXBuildFile; fileRef = 3D2DB58D23ABC142000C5676 /* CALayer+Extensions.swift */; };
		3D2DB59623ABC2C4000C5676 /* Colors.swift in Sources */ = {isa = PBXBuildFile; fileRef = 3D2DB59523ABC2C4000C5676 /* Colors.swift */; };
		3D2DB59D23ABCB2F000C5676 /* ChatViewController.swift in Sources */ = {isa = PBXBuildFile; fileRef = 3D2DB59C23ABCB2F000C5676 /* ChatViewController.swift */; };
		3D2DB59F23ABCE71000C5676 /* User.swift in Sources */ = {isa = PBXBuildFile; fileRef = 3D2DB59E23ABCE71000C5676 /* User.swift */; };
		3D30D32923AC0236000A08BA /* Assets.xcassets in Resources */ = {isa = PBXBuildFile; fileRef = 3D30D32823AC0236000A08BA /* Assets.xcassets */; };
		3D542D8C2333F5D3005D401F /* AppDelegate.swift in Sources */ = {isa = PBXBuildFile; fileRef = 3D542D8B2333F5D3005D401F /* AppDelegate.swift */; };
		3D542D942333F5D3005D401F /* Show_me_chat.xcdatamodeld in Sources */ = {isa = PBXBuildFile; fileRef = 3D542D922333F5D3005D401F /* Show_me_chat.xcdatamodeld */; };
		3D542DA42333F5D5005D401F /* Show_me_chatTests.swift in Sources */ = {isa = PBXBuildFile; fileRef = 3D542DA32333F5D5005D401F /* Show_me_chatTests.swift */; };
		3DAE5B7A237DE46B00B61093 /* Constants_.swift in Sources */ = {isa = PBXBuildFile; fileRef = 3DAE5B79237DE46B00B61093 /* Constants_.swift */; };
		3DB998CD239A4BD0003695A6 /* CustomInfoWindow.xib in Resources */ = {isa = PBXBuildFile; fileRef = 4467061823998CEA00755374 /* CustomInfoWindow.xib */; };
		3DD3BB2F239A40C4005A430F /* CustomInfoWindow.swift in Sources */ = {isa = PBXBuildFile; fileRef = 3DD3BB2E239A40C4005A430F /* CustomInfoWindow.swift */; };
		447FDEAD23ABBF6400C17756 /* CreatingWindow.xib in Resources */ = {isa = PBXBuildFile; fileRef = 447FDEAC23ABBF6400C17756 /* CreatingWindow.xib */; };
		447FDEAF23ABC06300C17756 /* CreatingWindow.swift in Sources */ = {isa = PBXBuildFile; fileRef = 447FDEAE23ABC06300C17756 /* CreatingWindow.swift */; };
		44B4B29023ACB7FB0069D64E /* MapViewController.swift in Sources */ = {isa = PBXBuildFile; fileRef = 44B4B28F23ACB7FA0069D64E /* MapViewController.swift */; };
		CE8BB5952359BD75001862CD /* LoginViewController.swift in Sources */ = {isa = PBXBuildFile; fileRef = CE8BB5942359BD75001862CD /* LoginViewController.swift */; };
		CEBF758123B5F4A9008DCB7C /* MenuModel.swift in Sources */ = {isa = PBXBuildFile; fileRef = CEBF758023B5F4A9008DCB7C /* MenuModel.swift */; };
		CEBF758323B5F584008DCB7C /* MenuTableSell.swift in Sources */ = {isa = PBXBuildFile; fileRef = CEBF758223B5F584008DCB7C /* MenuTableSell.swift */; };
		CEBF758523B5F69A008DCB7C /* MenuViewController.swift in Sources */ = {isa = PBXBuildFile; fileRef = CEBF758423B5F69A008DCB7C /* MenuViewController.swift */; };
		CEDB8FA5234CA2D300A7D8E7 /* Main.storyboard in Resources */ = {isa = PBXBuildFile; fileRef = CEDB8FA3234CA2D300A7D8E7 /* Main.storyboard */; };
		FA3988C6269018BA47FED174 /* Pods_Show_me_chat.framework in Frameworks */ = {isa = PBXBuildFile; fileRef = 4CDD806A457A9EB109846CDE /* Pods_Show_me_chat.framework */; };
/* End PBXBuildFile section */

/* Begin PBXContainerItemProxy section */
		3D542DA02333F5D5005D401F /* PBXContainerItemProxy */ = {
			isa = PBXContainerItemProxy;
			containerPortal = 3D542D802333F5D3005D401F /* Project object */;
			proxyType = 1;
			remoteGlobalIDString = 3D542D872333F5D3005D401F;
			remoteInfo = "Show-me-chat";
		};
/* End PBXContainerItemProxy section */

/* Begin PBXFileReference section */
		2BDAE595D5F7AD8A4E427EEB /* Pods-Show-me-chat.release.xcconfig */ = {isa = PBXFileReference; includeInIndex = 1; lastKnownFileType = text.xcconfig; name = "Pods-Show-me-chat.release.xcconfig"; path = "Target Support Files/Pods-Show-me-chat/Pods-Show-me-chat.release.xcconfig"; sourceTree = "<group>"; };
		3D2DB58323ABBFC6000C5676 /* Message.swift */ = {isa = PBXFileReference; lastKnownFileType = sourcecode.swift; path = Message.swift; sourceTree = "<group>"; };
		3D2DB58623ABC0B8000C5676 /* MessageTableViewCell.swift */ = {isa = PBXFileReference; fileEncoding = 4; lastKnownFileType = sourcecode.swift; path = MessageTableViewCell.swift; sourceTree = "<group>"; };
		3D2DB58723ABC0B8000C5676 /* OutgoingMessageTableViewCell.swift */ = {isa = PBXFileReference; fileEncoding = 4; lastKnownFileType = sourcecode.swift; path = OutgoingMessageTableViewCell.swift; sourceTree = "<group>"; };
		3D2DB58823ABC0B8000C5676 /* IncomingMessageTableViewCell.swift */ = {isa = PBXFileReference; fileEncoding = 4; lastKnownFileType = sourcecode.swift; path = IncomingMessageTableViewCell.swift; sourceTree = "<group>"; };
		3D2DB58D23ABC142000C5676 /* CALayer+Extensions.swift */ = {isa = PBXFileReference; lastKnownFileType = sourcecode.swift; path = "CALayer+Extensions.swift"; sourceTree = "<group>"; };
		3D2DB59523ABC2C4000C5676 /* Colors.swift */ = {isa = PBXFileReference; lastKnownFileType = sourcecode.swift; path = Colors.swift; sourceTree = "<group>"; };
		3D2DB59C23ABCB2F000C5676 /* ChatViewController.swift */ = {isa = PBXFileReference; lastKnownFileType = sourcecode.swift; path = ChatViewController.swift; sourceTree = "<group>"; };
		3D2DB59E23ABCE71000C5676 /* User.swift */ = {isa = PBXFileReference; lastKnownFileType = sourcecode.swift; path = User.swift; sourceTree = "<group>"; };
		3D30D32823AC0236000A08BA /* Assets.xcassets */ = {isa = PBXFileReference; lastKnownFileType = folder.assetcatalog; path = Assets.xcassets; sourceTree = "<group>"; };
		3D542D882333F5D3005D401F /* Show-me-chat.app */ = {isa = PBXFileReference; explicitFileType = wrapper.application; includeInIndex = 0; path = "Show-me-chat.app"; sourceTree = BUILT_PRODUCTS_DIR; };
		3D542D8B2333F5D3005D401F /* AppDelegate.swift */ = {isa = PBXFileReference; lastKnownFileType = sourcecode.swift; path = AppDelegate.swift; sourceTree = "<group>"; };
		3D542D932333F5D3005D401F /* Show_me_chat.xcdatamodel */ = {isa = PBXFileReference; lastKnownFileType = wrapper.xcdatamodel; path = Show_me_chat.xcdatamodel; sourceTree = "<group>"; };
		3D542D9A2333F5D5005D401F /* GoogleService-Info.plist */ = {isa = PBXFileReference; lastKnownFileType = text.plist.xml; path = "GoogleService-Info.plist"; sourceTree = "<group>"; };
		3D542D9F2333F5D5005D401F /* Show-me-chatTests.xctest */ = {isa = PBXFileReference; explicitFileType = wrapper.cfbundle; includeInIndex = 0; path = "Show-me-chatTests.xctest"; sourceTree = BUILT_PRODUCTS_DIR; };
		3D542DA32333F5D5005D401F /* Show_me_chatTests.swift */ = {isa = PBXFileReference; lastKnownFileType = sourcecode.swift; path = Show_me_chatTests.swift; sourceTree = "<group>"; };
		3D542DA52333F5D5005D401F /* Info.plist */ = {isa = PBXFileReference; lastKnownFileType = text.plist.xml; name = Info.plist; path = "Show-me-chatTests/Info.plist"; sourceTree = SOURCE_ROOT; };
		3DAE5B79237DE46B00B61093 /* Constants_.swift */ = {isa = PBXFileReference; lastKnownFileType = sourcecode.swift; path = Constants_.swift; sourceTree = "<group>"; };
		3DD3BB2E239A40C4005A430F /* CustomInfoWindow.swift */ = {isa = PBXFileReference; lastKnownFileType = sourcecode.swift; path = CustomInfoWindow.swift; sourceTree = "<group>"; };
		3DDFC3A823999B7700A9F433 /* Info.plist */ = {isa = PBXFileReference; fileEncoding = 4; lastKnownFileType = text.plist.xml; name = Info.plist; path = "Show-me-chat/Info.plist"; sourceTree = SOURCE_ROOT; };
		42D84039F5530790048602E9 /* Pods_Show_me_chatTests.framework */ = {isa = PBXFileReference; explicitFileType = wrapper.framework; includeInIndex = 0; path = Pods_Show_me_chatTests.framework; sourceTree = BUILT_PRODUCTS_DIR; };
		4467061823998CEA00755374 /* CustomInfoWindow.xib */ = {isa = PBXFileReference; lastKnownFileType = file.xib; path = CustomInfoWindow.xib; sourceTree = "<group>"; };
		447FDEAC23ABBF6400C17756 /* CreatingWindow.xib */ = {isa = PBXFileReference; lastKnownFileType = file.xib; path = CreatingWindow.xib; sourceTree = "<group>"; };
		447FDEAE23ABC06300C17756 /* CreatingWindow.swift */ = {isa = PBXFileReference; lastKnownFileType = sourcecode.swift; path = CreatingWindow.swift; sourceTree = "<group>"; };
		448791FA23AC133300335AC4 /* Bridging-Header.h */ = {isa = PBXFileReference; lastKnownFileType = sourcecode.c.h; path = "Bridging-Header.h"; sourceTree = "<group>"; };
		44B4B28F23ACB7FA0069D64E /* MapViewController.swift */ = {isa = PBXFileReference; fileEncoding = 4; lastKnownFileType = sourcecode.swift; path = MapViewController.swift; sourceTree = "<group>"; };
		4CDD806A457A9EB109846CDE /* Pods_Show_me_chat.framework */ = {isa = PBXFileReference; explicitFileType = wrapper.framework; includeInIndex = 0; path = Pods_Show_me_chat.framework; sourceTree = BUILT_PRODUCTS_DIR; };
		A6472DE05B3E31291AE8661A /* Pods-Show-me-chat.debug.xcconfig */ = {isa = PBXFileReference; includeInIndex = 1; lastKnownFileType = text.xcconfig; name = "Pods-Show-me-chat.debug.xcconfig"; path = "Target Support Files/Pods-Show-me-chat/Pods-Show-me-chat.debug.xcconfig"; sourceTree = "<group>"; };
		CE8BB5942359BD75001862CD /* LoginViewController.swift */ = {isa = PBXFileReference; lastKnownFileType = sourcecode.swift; path = LoginViewController.swift; sourceTree = "<group>"; };
		CEBF758023B5F4A9008DCB7C /* MenuModel.swift */ = {isa = PBXFileReference; lastKnownFileType = sourcecode.swift; path = MenuModel.swift; sourceTree = "<group>"; };
		CEBF758223B5F584008DCB7C /* MenuTableSell.swift */ = {isa = PBXFileReference; lastKnownFileType = sourcecode.swift; path = MenuTableSell.swift; sourceTree = "<group>"; };
		CEBF758423B5F69A008DCB7C /* MenuViewController.swift */ = {isa = PBXFileReference; lastKnownFileType = sourcecode.swift; path = MenuViewController.swift; sourceTree = "<group>"; };
		CEDB8FA4234CA2D300A7D8E7 /* Base */ = {isa = PBXFileReference; lastKnownFileType = file.storyboard; name = Base; path = Base.lproj/Main.storyboard; sourceTree = "<group>"; };
		D87D6773D0E1038A1E737C42 /* Pods-Show-me-chatTests.release.xcconfig */ = {isa = PBXFileReference; includeInIndex = 1; lastKnownFileType = text.xcconfig; name = "Pods-Show-me-chatTests.release.xcconfig"; path = "Target Support Files/Pods-Show-me-chatTests/Pods-Show-me-chatTests.release.xcconfig"; sourceTree = "<group>"; };
		FBE96DCAAFBD222305C49DFD /* Pods-Show-me-chatTests.debug.xcconfig */ = {isa = PBXFileReference; includeInIndex = 1; lastKnownFileType = text.xcconfig; name = "Pods-Show-me-chatTests.debug.xcconfig"; path = "Target Support Files/Pods-Show-me-chatTests/Pods-Show-me-chatTests.debug.xcconfig"; sourceTree = "<group>"; };
/* End PBXFileReference section */

/* Begin PBXFrameworksBuildPhase section */
		3D542D852333F5D3005D401F /* Frameworks */ = {
			isa = PBXFrameworksBuildPhase;
			buildActionMask = 2147483647;
			files = (
				FA3988C6269018BA47FED174 /* Pods_Show_me_chat.framework in Frameworks */,
			);
			runOnlyForDeploymentPostprocessing = 0;
		};
		3D542D9C2333F5D5005D401F /* Frameworks */ = {
			isa = PBXFrameworksBuildPhase;
			buildActionMask = 2147483647;
			files = (
				05C8A65B20FE8E817ACFE55F /* Pods_Show_me_chatTests.framework in Frameworks */,
			);
			runOnlyForDeploymentPostprocessing = 0;
		};
/* End PBXFrameworksBuildPhase section */

/* Begin PBXGroup section */
		10C2BDA870C9F9A7D785E765 /* Pods */ = {
			isa = PBXGroup;
			children = (
				A6472DE05B3E31291AE8661A /* Pods-Show-me-chat.debug.xcconfig */,
				2BDAE595D5F7AD8A4E427EEB /* Pods-Show-me-chat.release.xcconfig */,
				FBE96DCAAFBD222305C49DFD /* Pods-Show-me-chatTests.debug.xcconfig */,
				D87D6773D0E1038A1E737C42 /* Pods-Show-me-chatTests.release.xcconfig */,
			);
			path = Pods;
			sourceTree = "<group>";
		};
		3D2DB58223ABBF1D000C5676 /* Models */ = {
			isa = PBXGroup;
			children = (
				3D2DB58323ABBFC6000C5676 /* Message.swift */,
				3D2DB59E23ABCE71000C5676 /* User.swift */,
				CEBF758023B5F4A9008DCB7C /* MenuModel.swift */,
			);
			path = Models;
			sourceTree = "<group>";
		};
		3D2DB58523ABC075000C5676 /* Cells */ = {
			isa = PBXGroup;
			children = (
				3D2DB58823ABC0B8000C5676 /* IncomingMessageTableViewCell.swift */,
				3D2DB58623ABC0B8000C5676 /* MessageTableViewCell.swift */,
				3D2DB58723ABC0B8000C5676 /* OutgoingMessageTableViewCell.swift */,
			);
			path = Cells;
			sourceTree = "<group>";
		};
		3D2DB58C23ABC104000C5676 /* Extensions */ = {
			isa = PBXGroup;
			children = (
				3D2DB58D23ABC142000C5676 /* CALayer+Extensions.swift */,
			);
			path = Extensions;
			sourceTree = "<group>";
		};
		3D2DB59423ABC295000C5676 /* Constants */ = {
			isa = PBXGroup;
			children = (
				3DAE5B79237DE46B00B61093 /* Constants_.swift */,
				3D2DB59523ABC2C4000C5676 /* Colors.swift */,
			);
			path = Constants;
			sourceTree = "<group>";
		};
		3D2DB59B23ABCABC000C5676 /* View Controllers */ = {
			isa = PBXGroup;
			children = (
				3D2DB59C23ABCB2F000C5676 /* ChatViewController.swift */,
				CE8BB5942359BD75001862CD /* LoginViewController.swift */,
				44B4B28F23ACB7FA0069D64E /* MapViewController.swift */,
				CEBF758423B5F69A008DCB7C /* MenuViewController.swift */,
			);
			path = "View Controllers";
			sourceTree = "<group>";
		};
		3D542D7F2333F5D3005D401F = {
			isa = PBXGroup;
			children = (
				448791FA23AC133300335AC4 /* Bridging-Header.h */,
				3D542D8A2333F5D3005D401F /* Show-me-chat */,
				3D542DA22333F5D5005D401F /* Show-me-chatTests */,
				3D542D892333F5D3005D401F /* Products */,
				10C2BDA870C9F9A7D785E765 /* Pods */,
				4BFAEBCEEAB248F3BFC73C2A /* Frameworks */,
			);
			sourceTree = "<group>";
		};
		3D542D892333F5D3005D401F /* Products */ = {
			isa = PBXGroup;
			children = (
				3D542D882333F5D3005D401F /* Show-me-chat.app */,
				3D542D9F2333F5D5005D401F /* Show-me-chatTests.xctest */,
			);
			name = Products;
			sourceTree = "<group>";
		};
		3D542D8A2333F5D3005D401F /* Show-me-chat */ = {
			isa = PBXGroup;
			children = (
				3D2DB59B23ABCABC000C5676 /* View Controllers */,
				3D2DB59423ABC295000C5676 /* Constants */,
				3D2DB58C23ABC104000C5676 /* Extensions */,
				3D2DB58523ABC075000C5676 /* Cells */,
				3D2DB58223ABBF1D000C5676 /* Models */,
				3DD3BB30239A4A9C005A430F /* Views */,
				3DDFC3A823999B7700A9F433 /* Info.plist */,
				3D542D8B2333F5D3005D401F /* AppDelegate.swift */,
				3D542D9A2333F5D5005D401F /* GoogleService-Info.plist */,
				3D542D922333F5D3005D401F /* Show_me_chat.xcdatamodeld */,
				CEDB8FA3234CA2D300A7D8E7 /* Main.storyboard */,
				3D30D32823AC0236000A08BA /* Assets.xcassets */,
			);
			path = "Show-me-chat";
			sourceTree = "<group>";
		};
		3D542DA22333F5D5005D401F /* Show-me-chatTests */ = {
			isa = PBXGroup;
			children = (
				3D542DA32333F5D5005D401F /* Show_me_chatTests.swift */,
				3D542DA52333F5D5005D401F /* Info.plist */,
			);
			path = "Show-me-chatTests";
			sourceTree = "<group>";
		};
		3DD3BB30239A4A9C005A430F /* Views */ = {
			isa = PBXGroup;
			children = (
				4467061823998CEA00755374 /* CustomInfoWindow.xib */,
				3DD3BB2E239A40C4005A430F /* CustomInfoWindow.swift */,
				447FDEAC23ABBF6400C17756 /* CreatingWindow.xib */,
				447FDEAE23ABC06300C17756 /* CreatingWindow.swift */,
				CEBF758223B5F584008DCB7C /* MenuTableSell.swift */,
			);
			path = Views;
			sourceTree = "<group>";
		};
		4BFAEBCEEAB248F3BFC73C2A /* Frameworks */ = {
			isa = PBXGroup;
			children = (
				4CDD806A457A9EB109846CDE /* Pods_Show_me_chat.framework */,
				42D84039F5530790048602E9 /* Pods_Show_me_chatTests.framework */,
			);
			name = Frameworks;
			sourceTree = "<group>";
		};
/* End PBXGroup section */

/* Begin PBXNativeTarget section */
		3D542D872333F5D3005D401F /* Show-me-chat */ = {
			isa = PBXNativeTarget;
			buildConfigurationList = 3D542DA82333F5D5005D401F /* Build configuration list for PBXNativeTarget "Show-me-chat" */;
			buildPhases = (
				4712309F7D55BEE98DCB0DD5 /* [CP] Check Pods Manifest.lock */,
				3D542D842333F5D3005D401F /* Sources */,
				3D542D852333F5D3005D401F /* Frameworks */,
				3D542D862333F5D3005D401F /* Resources */,
				E203583CE72F5AB2089F6472 /* [CP] Embed Pods Frameworks */,
				B5F59ABB00951D0093D2E00D /* [CP] Copy Pods Resources */,
			);
			buildRules = (
			);
			dependencies = (
			);
			name = "Show-me-chat";
			productName = "Show-me-chat";
			productReference = 3D542D882333F5D3005D401F /* Show-me-chat.app */;
			productType = "com.apple.product-type.application";
		};
		3D542D9E2333F5D5005D401F /* Show-me-chatTests */ = {
			isa = PBXNativeTarget;
			buildConfigurationList = 3D542DAB2333F5D5005D401F /* Build configuration list for PBXNativeTarget "Show-me-chatTests" */;
			buildPhases = (
				6FAA7F5E6791C7B1BE5A6878 /* [CP] Check Pods Manifest.lock */,
				3D542D9B2333F5D5005D401F /* Sources */,
				3D542D9C2333F5D5005D401F /* Frameworks */,
				3D542D9D2333F5D5005D401F /* Resources */,
			);
			buildRules = (
			);
			dependencies = (
				3D542DA12333F5D5005D401F /* PBXTargetDependency */,
			);
			name = "Show-me-chatTests";
			productName = "Show-me-chatTests";
			productReference = 3D542D9F2333F5D5005D401F /* Show-me-chatTests.xctest */;
			productType = "com.apple.product-type.bundle.unit-test";
		};
/* End PBXNativeTarget section */

/* Begin PBXProject section */
		3D542D802333F5D3005D401F /* Project object */ = {
			isa = PBXProject;
			attributes = {
				LastSwiftUpdateCheck = 1030;
				LastUpgradeCheck = 1030;
				ORGANIZATIONNAME = "Mark Dorofeev";
				TargetAttributes = {
					3D542D872333F5D3005D401F = {
						CreatedOnToolsVersion = 10.3;
					};
					3D542D9E2333F5D5005D401F = {
						CreatedOnToolsVersion = 10.3;
						TestTargetID = 3D542D872333F5D3005D401F;
					};
				};
			};
			buildConfigurationList = 3D542D832333F5D3005D401F /* Build configuration list for PBXProject "Show-me-chat" */;
			compatibilityVersion = "Xcode 9.3";
			developmentRegion = en;
			hasScannedForEncodings = 0;
			knownRegions = (
				en,
				Base,
			);
			mainGroup = 3D542D7F2333F5D3005D401F;
			productRefGroup = 3D542D892333F5D3005D401F /* Products */;
			projectDirPath = "";
			projectRoot = "";
			targets = (
				3D542D872333F5D3005D401F /* Show-me-chat */,
				3D542D9E2333F5D5005D401F /* Show-me-chatTests */,
			);
		};
/* End PBXProject section */

/* Begin PBXResourcesBuildPhase section */
		3D542D862333F5D3005D401F /* Resources */ = {
			isa = PBXResourcesBuildPhase;
			buildActionMask = 2147483647;
			files = (
				3D30D32923AC0236000A08BA /* Assets.xcassets in Resources */,
				3DB998CD239A4BD0003695A6 /* CustomInfoWindow.xib in Resources */,
				CEDB8FA5234CA2D300A7D8E7 /* Main.storyboard in Resources */,
				3D1F083C23915F4300E202DB /* GoogleService-Info.plist in Resources */,
				447FDEAD23ABBF6400C17756 /* CreatingWindow.xib in Resources */,
			);
			runOnlyForDeploymentPostprocessing = 0;
		};
		3D542D9D2333F5D5005D401F /* Resources */ = {
			isa = PBXResourcesBuildPhase;
			buildActionMask = 2147483647;
			files = (
			);
			runOnlyForDeploymentPostprocessing = 0;
		};
/* End PBXResourcesBuildPhase section */

/* Begin PBXShellScriptBuildPhase section */
		4712309F7D55BEE98DCB0DD5 /* [CP] Check Pods Manifest.lock */ = {
			isa = PBXShellScriptBuildPhase;
			buildActionMask = 2147483647;
			files = (
			);
			inputFileListPaths = (
			);
			inputPaths = (
				"${PODS_PODFILE_DIR_PATH}/Podfile.lock",
				"${PODS_ROOT}/Manifest.lock",
			);
			name = "[CP] Check Pods Manifest.lock";
			outputFileListPaths = (
			);
			outputPaths = (
				"$(DERIVED_FILE_DIR)/Pods-Show-me-chat-checkManifestLockResult.txt",
			);
			runOnlyForDeploymentPostprocessing = 0;
			shellPath = /bin/sh;
			shellScript = "diff \"${PODS_PODFILE_DIR_PATH}/Podfile.lock\" \"${PODS_ROOT}/Manifest.lock\" > /dev/null\nif [ $? != 0 ] ; then\n    # print error to STDERR\n    echo \"error: The sandbox is not in sync with the Podfile.lock. Run 'pod install' or update your CocoaPods installation.\" >&2\n    exit 1\nfi\n# This output is used by Xcode 'outputs' to avoid re-running this script phase.\necho \"SUCCESS\" > \"${SCRIPT_OUTPUT_FILE_0}\"\n";
			showEnvVarsInLog = 0;
		};
		6FAA7F5E6791C7B1BE5A6878 /* [CP] Check Pods Manifest.lock */ = {
			isa = PBXShellScriptBuildPhase;
			buildActionMask = 2147483647;
			files = (
			);
			inputFileListPaths = (
			);
			inputPaths = (
				"${PODS_PODFILE_DIR_PATH}/Podfile.lock",
				"${PODS_ROOT}/Manifest.lock",
			);
			name = "[CP] Check Pods Manifest.lock";
			outputFileListPaths = (
			);
			outputPaths = (
				"$(DERIVED_FILE_DIR)/Pods-Show-me-chatTests-checkManifestLockResult.txt",
			);
			runOnlyForDeploymentPostprocessing = 0;
			shellPath = /bin/sh;
			shellScript = "diff \"${PODS_PODFILE_DIR_PATH}/Podfile.lock\" \"${PODS_ROOT}/Manifest.lock\" > /dev/null\nif [ $? != 0 ] ; then\n    # print error to STDERR\n    echo \"error: The sandbox is not in sync with the Podfile.lock. Run 'pod install' or update your CocoaPods installation.\" >&2\n    exit 1\nfi\n# This output is used by Xcode 'outputs' to avoid re-running this script phase.\necho \"SUCCESS\" > \"${SCRIPT_OUTPUT_FILE_0}\"\n";
			showEnvVarsInLog = 0;
		};
		B5F59ABB00951D0093D2E00D /* [CP] Copy Pods Resources */ = {
			isa = PBXShellScriptBuildPhase;
			buildActionMask = 2147483647;
			files = (
			);
			inputFileListPaths = (
				"${PODS_ROOT}/Target Support Files/Pods-Show-me-chat/Pods-Show-me-chat-resources-${CONFIGURATION}-input-files.xcfilelist",
			);
			name = "[CP] Copy Pods Resources";
			outputFileListPaths = (
				"${PODS_ROOT}/Target Support Files/Pods-Show-me-chat/Pods-Show-me-chat-resources-${CONFIGURATION}-output-files.xcfilelist",
			);
			runOnlyForDeploymentPostprocessing = 0;
			shellPath = /bin/sh;
			shellScript = "\"${PODS_ROOT}/Target Support Files/Pods-Show-me-chat/Pods-Show-me-chat-resources.sh\"\n";
			showEnvVarsInLog = 0;
		};
		E203583CE72F5AB2089F6472 /* [CP] Embed Pods Frameworks */ = {
			isa = PBXShellScriptBuildPhase;
			buildActionMask = 2147483647;
			files = (
			);
			inputFileListPaths = (
				"${PODS_ROOT}/Target Support Files/Pods-Show-me-chat/Pods-Show-me-chat-frameworks-${CONFIGURATION}-input-files.xcfilelist",
			);
			name = "[CP] Embed Pods Frameworks";
			outputFileListPaths = (
				"${PODS_ROOT}/Target Support Files/Pods-Show-me-chat/Pods-Show-me-chat-frameworks-${CONFIGURATION}-output-files.xcfilelist",
			);
			runOnlyForDeploymentPostprocessing = 0;
			shellPath = /bin/sh;
			shellScript = "\"${PODS_ROOT}/Target Support Files/Pods-Show-me-chat/Pods-Show-me-chat-frameworks.sh\"\n";
			showEnvVarsInLog = 0;
		};
/* End PBXShellScriptBuildPhase section */

/* Begin PBXSourcesBuildPhase section */
		3D542D842333F5D3005D401F /* Sources */ = {
			isa = PBXSourcesBuildPhase;
			buildActionMask = 2147483647;
			files = (
				3D542D942333F5D3005D401F /* Show_me_chat.xcdatamodeld in Sources */,
				CEBF758123B5F4A9008DCB7C /* MenuModel.swift in Sources */,
				3D542D8C2333F5D3005D401F /* AppDelegate.swift in Sources */,
				3D2DB59623ABC2C4000C5676 /* Colors.swift in Sources */,
				3D2DB59F23ABCE71000C5676 /* User.swift in Sources */,
				3D2DB58923ABC0B8000C5676 /* MessageTableViewCell.swift in Sources */,
				3D2DB58A23ABC0B8000C5676 /* OutgoingMessageTableViewCell.swift in Sources */,
				3D2DB58B23ABC0B8000C5676 /* IncomingMessageTableViewCell.swift in Sources */,
				3D2DB58423ABBFC6000C5676 /* Message.swift in Sources */,
				3D2DB59D23ABCB2F000C5676 /* ChatViewController.swift in Sources */,
				3DD3BB2F239A40C4005A430F /* CustomInfoWindow.swift in Sources */,
				3D2DB58E23ABC142000C5676 /* CALayer+Extensions.swift in Sources */,
				3DAE5B7A237DE46B00B61093 /* Constants_.swift in Sources */,
				CEBF758523B5F69A008DCB7C /* MenuViewController.swift in Sources */,
				CE8BB5952359BD75001862CD /* LoginViewController.swift in Sources */,
				CEBF758323B5F584008DCB7C /* MenuTableSell.swift in Sources */,
				447FDEAF23ABC06300C17756 /* CreatingWindow.swift in Sources */,
				44B4B29023ACB7FB0069D64E /* MapViewController.swift in Sources */,
			);
			runOnlyForDeploymentPostprocessing = 0;
		};
		3D542D9B2333F5D5005D401F /* Sources */ = {
			isa = PBXSourcesBuildPhase;
			buildActionMask = 2147483647;
			files = (
				3D542DA42333F5D5005D401F /* Show_me_chatTests.swift in Sources */,
			);
			runOnlyForDeploymentPostprocessing = 0;
		};
/* End PBXSourcesBuildPhase section */

/* Begin PBXTargetDependency section */
		3D542DA12333F5D5005D401F /* PBXTargetDependency */ = {
			isa = PBXTargetDependency;
			target = 3D542D872333F5D3005D401F /* Show-me-chat */;
			targetProxy = 3D542DA02333F5D5005D401F /* PBXContainerItemProxy */;
		};
/* End PBXTargetDependency section */

/* Begin PBXVariantGroup section */
		CEDB8FA3234CA2D300A7D8E7 /* Main.storyboard */ = {
			isa = PBXVariantGroup;
			children = (
				CEDB8FA4234CA2D300A7D8E7 /* Base */,
			);
			name = Main.storyboard;
			sourceTree = "<group>";
		};
/* End PBXVariantGroup section */

/* Begin XCBuildConfiguration section */
		3D542DA62333F5D5005D401F /* Debug */ = {
			isa = XCBuildConfiguration;
			buildSettings = {
				ALWAYS_SEARCH_USER_PATHS = NO;
				CLANG_ANALYZER_NONNULL = YES;
				CLANG_ANALYZER_NUMBER_OBJECT_CONVERSION = YES_AGGRESSIVE;
				CLANG_CXX_LANGUAGE_STANDARD = "gnu++14";
				CLANG_CXX_LIBRARY = "libc++";
				CLANG_ENABLE_MODULES = YES;
				CLANG_ENABLE_OBJC_ARC = YES;
				CLANG_ENABLE_OBJC_WEAK = YES;
				CLANG_WARN_BLOCK_CAPTURE_AUTORELEASING = YES;
				CLANG_WARN_BOOL_CONVERSION = YES;
				CLANG_WARN_COMMA = YES;
				CLANG_WARN_CONSTANT_CONVERSION = YES;
				CLANG_WARN_DEPRECATED_OBJC_IMPLEMENTATIONS = YES;
				CLANG_WARN_DIRECT_OBJC_ISA_USAGE = YES_ERROR;
				CLANG_WARN_DOCUMENTATION_COMMENTS = YES;
				CLANG_WARN_EMPTY_BODY = YES;
				CLANG_WARN_ENUM_CONVERSION = YES;
				CLANG_WARN_INFINITE_RECURSION = YES;
				CLANG_WARN_INT_CONVERSION = YES;
				CLANG_WARN_NON_LITERAL_NULL_CONVERSION = YES;
				CLANG_WARN_OBJC_IMPLICIT_RETAIN_SELF = YES;
				CLANG_WARN_OBJC_LITERAL_CONVERSION = YES;
				CLANG_WARN_OBJC_ROOT_CLASS = YES_ERROR;
				CLANG_WARN_RANGE_LOOP_ANALYSIS = YES;
				CLANG_WARN_STRICT_PROTOTYPES = YES;
				CLANG_WARN_SUSPICIOUS_MOVE = YES;
				CLANG_WARN_UNGUARDED_AVAILABILITY = YES_AGGRESSIVE;
				CLANG_WARN_UNREACHABLE_CODE = YES;
				CLANG_WARN__DUPLICATE_METHOD_MATCH = YES;
				CODE_SIGN_IDENTITY = "iPhone Developer";
				COPY_PHASE_STRIP = NO;
				DEBUG_INFORMATION_FORMAT = dwarf;
				ENABLE_STRICT_OBJC_MSGSEND = YES;
				ENABLE_TESTABILITY = YES;
				GCC_C_LANGUAGE_STANDARD = gnu11;
				GCC_DYNAMIC_NO_PIC = NO;
				GCC_NO_COMMON_BLOCKS = YES;
				GCC_OPTIMIZATION_LEVEL = 0;
				GCC_PREPROCESSOR_DEFINITIONS = (
					"DEBUG=1",
					"$(inherited)",
				);
				GCC_WARN_64_TO_32_BIT_CONVERSION = YES;
				GCC_WARN_ABOUT_RETURN_TYPE = YES_ERROR;
				GCC_WARN_UNDECLARED_SELECTOR = YES;
				GCC_WARN_UNINITIALIZED_AUTOS = YES_AGGRESSIVE;
				GCC_WARN_UNUSED_FUNCTION = YES;
				GCC_WARN_UNUSED_VARIABLE = YES;
				IPHONEOS_DEPLOYMENT_TARGET = 12.4;
				MTL_ENABLE_DEBUG_INFO = INCLUDE_SOURCE;
				MTL_FAST_MATH = YES;
				ONLY_ACTIVE_ARCH = YES;
				SDKROOT = iphoneos;
				SWIFT_ACTIVE_COMPILATION_CONDITIONS = DEBUG;
				SWIFT_OPTIMIZATION_LEVEL = "-Onone";
			};
			name = Debug;
		};
		3D542DA72333F5D5005D401F /* Release */ = {
			isa = XCBuildConfiguration;
			buildSettings = {
				ALWAYS_SEARCH_USER_PATHS = NO;
				CLANG_ANALYZER_NONNULL = YES;
				CLANG_ANALYZER_NUMBER_OBJECT_CONVERSION = YES_AGGRESSIVE;
				CLANG_CXX_LANGUAGE_STANDARD = "gnu++14";
				CLANG_CXX_LIBRARY = "libc++";
				CLANG_ENABLE_MODULES = YES;
				CLANG_ENABLE_OBJC_ARC = YES;
				CLANG_ENABLE_OBJC_WEAK = YES;
				CLANG_WARN_BLOCK_CAPTURE_AUTORELEASING = YES;
				CLANG_WARN_BOOL_CONVERSION = YES;
				CLANG_WARN_COMMA = YES;
				CLANG_WARN_CONSTANT_CONVERSION = YES;
				CLANG_WARN_DEPRECATED_OBJC_IMPLEMENTATIONS = YES;
				CLANG_WARN_DIRECT_OBJC_ISA_USAGE = YES_ERROR;
				CLANG_WARN_DOCUMENTATION_COMMENTS = YES;
				CLANG_WARN_EMPTY_BODY = YES;
				CLANG_WARN_ENUM_CONVERSION = YES;
				CLANG_WARN_INFINITE_RECURSION = YES;
				CLANG_WARN_INT_CONVERSION = YES;
				CLANG_WARN_NON_LITERAL_NULL_CONVERSION = YES;
				CLANG_WARN_OBJC_IMPLICIT_RETAIN_SELF = YES;
				CLANG_WARN_OBJC_LITERAL_CONVERSION = YES;
				CLANG_WARN_OBJC_ROOT_CLASS = YES_ERROR;
				CLANG_WARN_RANGE_LOOP_ANALYSIS = YES;
				CLANG_WARN_STRICT_PROTOTYPES = YES;
				CLANG_WARN_SUSPICIOUS_MOVE = YES;
				CLANG_WARN_UNGUARDED_AVAILABILITY = YES_AGGRESSIVE;
				CLANG_WARN_UNREACHABLE_CODE = YES;
				CLANG_WARN__DUPLICATE_METHOD_MATCH = YES;
				CODE_SIGN_IDENTITY = "iPhone Developer";
				COPY_PHASE_STRIP = NO;
				DEBUG_INFORMATION_FORMAT = "dwarf-with-dsym";
				ENABLE_NS_ASSERTIONS = NO;
				ENABLE_STRICT_OBJC_MSGSEND = YES;
				GCC_C_LANGUAGE_STANDARD = gnu11;
				GCC_NO_COMMON_BLOCKS = YES;
				GCC_WARN_64_TO_32_BIT_CONVERSION = YES;
				GCC_WARN_ABOUT_RETURN_TYPE = YES_ERROR;
				GCC_WARN_UNDECLARED_SELECTOR = YES;
				GCC_WARN_UNINITIALIZED_AUTOS = YES_AGGRESSIVE;
				GCC_WARN_UNUSED_FUNCTION = YES;
				GCC_WARN_UNUSED_VARIABLE = YES;
				IPHONEOS_DEPLOYMENT_TARGET = 12.4;
				MTL_ENABLE_DEBUG_INFO = NO;
				MTL_FAST_MATH = YES;
				SDKROOT = iphoneos;
				SWIFT_COMPILATION_MODE = wholemodule;
				SWIFT_OPTIMIZATION_LEVEL = "-O";
				VALIDATE_PRODUCT = YES;
			};
			name = Release;
		};
		3D542DA92333F5D5005D401F /* Debug */ = {
			isa = XCBuildConfiguration;
			baseConfigurationReference = A6472DE05B3E31291AE8661A /* Pods-Show-me-chat.debug.xcconfig */;
			buildSettings = {
				ASSETCATALOG_COMPILER_APPICON_NAME = AppIcon;
				CODE_SIGN_STYLE = Automatic;
				DEVELOPMENT_TEAM = 954255MUK6;
				INFOPLIST_FILE = "Show-me-chat/Info.plist";
				LD_RUNPATH_SEARCH_PATHS = (
					"$(inherited)",
					"@executable_path/Frameworks",
				);
				PRODUCT_BUNDLE_IDENTIFIER = "Mark-Dorofeev.Show-me-chat";
				PRODUCT_NAME = "$(TARGET_NAME)";
				SWIFT_OBJC_BRIDGING_HEADER = "Bridging-Header.h";
				SWIFT_VERSION = 5.0;
				TARGETED_DEVICE_FAMILY = "1,2";
			};
			name = Debug;
		};
		3D542DAA2333F5D5005D401F /* Release */ = {
			isa = XCBuildConfiguration;
			baseConfigurationReference = 2BDAE595D5F7AD8A4E427EEB /* Pods-Show-me-chat.release.xcconfig */;
			buildSettings = {
				ASSETCATALOG_COMPILER_APPICON_NAME = AppIcon;
				CODE_SIGN_STYLE = Automatic;
				DEVELOPMENT_TEAM = 954255MUK6;
				INFOPLIST_FILE = "Show-me-chat/Info.plist";
				LD_RUNPATH_SEARCH_PATHS = (
					"$(inherited)",
					"@executable_path/Frameworks",
				);
				PRODUCT_BUNDLE_IDENTIFIER = "Mark-Dorofeev.Show-me-chat";
				PRODUCT_NAME = "$(TARGET_NAME)";
				SWIFT_OBJC_BRIDGING_HEADER = "Bridging-Header.h";
				SWIFT_VERSION = 5.0;
				TARGETED_DEVICE_FAMILY = "1,2";
			};
			name = Release;
		};
		3D542DAC2333F5D5005D401F /* Debug */ = {
			isa = XCBuildConfiguration;
			baseConfigurationReference = FBE96DCAAFBD222305C49DFD /* Pods-Show-me-chatTests.debug.xcconfig */;
			buildSettings = {
				ALWAYS_EMBED_SWIFT_STANDARD_LIBRARIES = YES;
				BUNDLE_LOADER = "$(TEST_HOST)";
				CODE_SIGN_STYLE = Automatic;
				DEVELOPMENT_TEAM = 954255MUK6;
				INFOPLIST_FILE = "Show-me-chatTests/Info.plist";
				LD_RUNPATH_SEARCH_PATHS = (
					"$(inherited)",
					"@executable_path/Frameworks",
					"@loader_path/Frameworks",
				);
				PRODUCT_BUNDLE_IDENTIFIER = "Mark-Dorofeev.Show-me-chatTests";
				PRODUCT_NAME = "$(TARGET_NAME)";
				SWIFT_VERSION = 5.0;
				TARGETED_DEVICE_FAMILY = "1,2";
				TEST_HOST = "$(BUILT_PRODUCTS_DIR)/Show-me-chat.app/Show-me-chat";
			};
			name = Debug;
		};
		3D542DAD2333F5D5005D401F /* Release */ = {
			isa = XCBuildConfiguration;
			baseConfigurationReference = D87D6773D0E1038A1E737C42 /* Pods-Show-me-chatTests.release.xcconfig */;
			buildSettings = {
				ALWAYS_EMBED_SWIFT_STANDARD_LIBRARIES = YES;
				BUNDLE_LOADER = "$(TEST_HOST)";
				CODE_SIGN_STYLE = Automatic;
				DEVELOPMENT_TEAM = 954255MUK6;
				INFOPLIST_FILE = "Show-me-chatTests/Info.plist";
				LD_RUNPATH_SEARCH_PATHS = (
					"$(inherited)",
					"@executable_path/Frameworks",
					"@loader_path/Frameworks",
				);
				PRODUCT_BUNDLE_IDENTIFIER = "Mark-Dorofeev.Show-me-chatTests";
				PRODUCT_NAME = "$(TARGET_NAME)";
				SWIFT_VERSION = 5.0;
				TARGETED_DEVICE_FAMILY = "1,2";
				TEST_HOST = "$(BUILT_PRODUCTS_DIR)/Show-me-chat.app/Show-me-chat";
			};
			name = Release;
		};
/* End XCBuildConfiguration section */

/* Begin XCConfigurationList section */
		3D542D832333F5D3005D401F /* Build configuration list for PBXProject "Show-me-chat" */ = {
			isa = XCConfigurationList;
			buildConfigurations = (
				3D542DA62333F5D5005D401F /* Debug */,
				3D542DA72333F5D5005D401F /* Release */,
			);
			defaultConfigurationIsVisible = 0;
			defaultConfigurationName = Release;
		};
		3D542DA82333F5D5005D401F /* Build configuration list for PBXNativeTarget "Show-me-chat" */ = {
			isa = XCConfigurationList;
			buildConfigurations = (
				3D542DA92333F5D5005D401F /* Debug */,
				3D542DAA2333F5D5005D401F /* Release */,
			);
			defaultConfigurationIsVisible = 0;
			defaultConfigurationName = Release;
		};
		3D542DAB2333F5D5005D401F /* Build configuration list for PBXNativeTarget "Show-me-chatTests" */ = {
			isa = XCConfigurationList;
			buildConfigurations = (
				3D542DAC2333F5D5005D401F /* Debug */,
				3D542DAD2333F5D5005D401F /* Release */,
			);
			defaultConfigurationIsVisible = 0;
			defaultConfigurationName = Release;
		};
/* End XCConfigurationList section */

/* Begin XCVersionGroup section */
		3D542D922333F5D3005D401F /* Show_me_chat.xcdatamodeld */ = {
			isa = XCVersionGroup;
			children = (
				3D542D932333F5D3005D401F /* Show_me_chat.xcdatamodel */,
			);
			currentVersion = 3D542D932333F5D3005D401F /* Show_me_chat.xcdatamodel */;
			path = Show_me_chat.xcdatamodeld;
			sourceTree = "<group>";
			versionGroupType = wrapper.xcdatamodel;
		};
/* End XCVersionGroup section */
	};
	rootObject = 3D542D802333F5D3005D401F /* Project object */;
}
